
Microsoft Visual Studio Solution File, Format Version 12.00
# Visual Studio Version 16
VisualStudioVersion = 16.0.29905.134
MinimumVisualStudioVersion = 10.0.40219.1
Project("{FAE04EC0-301F-11D3-BF4B-00C04F79EFBC}") = "OwnSheetList", "OwnSheetList\OwnSheetList.csproj", "{339CEC48-7FBF-4684-AD7A-E73ED42FC533}"
EndProject
Global
	GlobalSection(SolutionConfigurationPlatforms) = preSolution
		Debug|Any CPU = Debug|Any CPU
		Release|Any CPU = Release|Any CPU
	EndGlobalSection
	GlobalSection(ProjectConfigurationPlatforms) = postSolution
		{339CEC48-7FBF-4684-AD7A-E73ED42FC533}.Debug|Any CPU.ActiveCfg = Debug|Any CPU
		{339CEC48-7FBF-4684-AD7A-E73ED42FC533}.Debug|Any CPU.Build.0 = Debug|Any CPU
		{339CEC48-7FBF-4684-AD7A-E73ED42FC533}.Release|Any CPU.ActiveCfg = Release|Any CPU
		{339CEC48-7FBF-4684-AD7A-E73ED42FC533}.Release|Any CPU.Build.0 = Release|Any CPU
	EndGlobalSection
	GlobalSection(SolutionProperties) = preSolution
		HideSolutionNode = FALSE
	EndGlobalSection
	GlobalSection(ExtensibilityGlobals) = postSolution
		SolutionGuid = {96A81E1A-B8A9-43FB-92FF-3673B0DE19EE}
	EndGlobalSection
EndGlobal
